# This file was autogenerated by Stack.
# You should not edit this file by hand.
# For more information, please see the documentation at:
#   https://docs.haskellstack.org/en/stable/lock_files

packages:
- completed:
    hackage: swisstable-0.1.0.1@sha256:54ccfa01db4d13df14befd1925faccc9e70c9e0e76a19a59178d6a316175ceef,2002
    pantry-tree:
      size: 612
      sha256: 3671fa4e72ff3ec3e806ed4766001594fcf91d0e54bec437d9b68ca75eaf648c
  original:
    hackage: swisstable-0.1.0.1@sha256:54ccfa01db4d13df14befd1925faccc9e70c9e0e76a19a59178d6a316175ceef,2002
snapshots:
- completed:
    size: 563099
    url: https://raw.githubusercontent.com/commercialhaskell/stackage-snapshots/master/lts/17/3.yaml
    sha256: 1e9f31ec160a144f796bc49b91dfc2bab5eca88b1dcc93da569108febaf5b382
  original:
    url: https://raw.githubusercontent.com/commercialhaskell/stackage-snapshots/master/lts/17/3.yaml
